github.com/aaa2ppp/contestio v0.3.4 h1:kDbf4zPs7WbBqiBF8gOu65y8DzShqJuJul4cmdeqn98=
github.com/aaa2ppp/contestio v0.3.4/go.mod h1:BEwj0rg/whp9vGVoiMBoIbMkKKAlncq7DtUQX/fKAp8=
github.com/aaa2ppp/contestio v0.3.5 h1:VyLvRZfT7+T4dXbiphiQrA1YJEwyr4q4MqMnLA+jmHo=
github.com/aaa2ppp/contestio v0.3.5/go.mod h1:BEwj0rg/whp9vGVoiMBoIbMkKKAlncq7DtUQX/fKAp8=
